
Microsoft Visual Studio Solution File, Format Version 12.00
# Visual Studio Version 17
VisualStudioVersion = 17.2.32616.157
MinimumVisualStudioVersion = 10.0.40219.1
Project("{FAE04EC0-301F-11D3-BF4B-00C04F79EFBC}") = "SpotifyRadio.Mobile.Android", "SpotifyRadio.Mobile.Android\SpotifyRadio.Mobile.Android.csproj", "{C57CBCB0-6EB3-441A-AD52-7E03AC72D45E}"
EndProject
Project("{FAE04EC0-301F-11D3-BF4B-00C04F79EFBC}") = "SpotifyRadio.Mobile", "SpotifyRadio.Mobile\SpotifyRadio.Mobile\SpotifyRadio.Mobile.csproj", "{FA7C0E32-7DE7-44B1-BD33-353E873E6910}"
EndProject
Global
	GlobalSection(SolutionConfigurationPlatforms) = preSolution
		Debug|Any CPU = Debug|Any CPU
		Release|Any CPU = Release|Any CPU
	EndGlobalSection
	GlobalSection(ProjectConfigurationPlatforms) = postSolution
		{C57CBCB0-6EB3-441A-AD52-7E03AC72D45E}.Debug|Any CPU.ActiveCfg = Debug|Any CPU
		{C57CBCB0-6EB3-441A-AD52-7E03AC72D45E}.Debug|Any CPU.Build.0 = Debug|Any CPU
		{C57CBCB0-6EB3-441A-AD52-7E03AC72D45E}.Debug|Any CPU.Deploy.0 = Debug|Any CPU
		{C57CBCB0-6EB3-441A-AD52-7E03AC72D45E}.Release|Any CPU.ActiveCfg = Release|Any CPU
		{C57CBCB0-6EB3-441A-AD52-7E03AC72D45E}.Release|Any CPU.Build.0 = Release|Any CPU
		{C57CBCB0-6EB3-441A-AD52-7E03AC72D45E}.Release|Any CPU.Deploy.0 = Release|Any CPU
		{FA7C0E32-7DE7-44B1-BD33-353E873E6910}.Debug|Any CPU.ActiveCfg = Debug|Any CPU
		{FA7C0E32-7DE7-44B1-BD33-353E873E6910}.Debug|Any CPU.Build.0 = Debug|Any CPU
		{FA7C0E32-7DE7-44B1-BD33-353E873E6910}.Release|Any CPU.ActiveCfg = Release|Any CPU
		{FA7C0E32-7DE7-44B1-BD33-353E873E6910}.Release|Any CPU.Build.0 = Release|Any CPU
	EndGlobalSection
	GlobalSection(SolutionProperties) = preSolution
		HideSolutionNode = FALSE
	EndGlobalSection
	GlobalSection(ExtensibilityGlobals) = postSolution
		SolutionGuid = {F0AFA8D1-E5DD-4C57-8489-61B44D386D73}
	EndGlobalSection
EndGlobal
